// !$*UTF8*$!
{
	archiveVersion = 1;
	classes = {
	};
	objectVersion = 46;
	objects = {

/* Begin PBXBuildFile section */
		9B23C2651E9F79AB009A50E9 /* Dictionary+Tuples.swift in Sources */ = {isa = PBXBuildFile; fileRef = 9B23C2641E9F79AB009A50E9 /* Dictionary+Tuples.swift */; };
		9BF9E2581E90DE43008A70C8 /* Command.swift in Sources */ = {isa = PBXBuildFile; fileRef = 9BF9E2571E90DE43008A70C8 /* Command.swift */; };
		9BF9E25A1E90DE7B008A70C8 /* BlockCommand.swift in Sources */ = {isa = PBXBuildFile; fileRef = 9BF9E2591E90DE7B008A70C8 /* BlockCommand.swift */; };
		9BF9E25C1E90DEA6008A70C8 /* GroupCommand.swift in Sources */ = {isa = PBXBuildFile; fileRef = 9BF9E25B1E90DEA6008A70C8 /* GroupCommand.swift */; };
		9BF9E25E1E90DECB008A70C8 /* CommandDispatcher.swift in Sources */ = {isa = PBXBuildFile; fileRef = 9BF9E25D1E90DECB008A70C8 /* CommandDispatcher.swift */; };
		9BF9E2601E90E07F008A70C8 /* Shape.swift in Sources */ = {isa = PBXBuildFile; fileRef = 9BF9E25F1E90E07F008A70C8 /* Shape.swift */; };
		9BF9E2681E90E547008A70C8 /* CommanderTests.swift in Sources */ = {isa = PBXBuildFile; fileRef = 9BF9E2671E90E547008A70C8 /* CommanderTests.swift */; };
		OBJ_22 /* Promise+Extras.swift in Sources */ = {isa = PBXBuildFile; fileRef = OBJ_12 /* Promise+Extras.swift */; };
		OBJ_23 /* Promise.swift in Sources */ = {isa = PBXBuildFile; fileRef = OBJ_13 /* Promise.swift */; };
		OBJ_30 /* main.swift in Sources */ = {isa = PBXBuildFile; fileRef = OBJ_8 /* main.swift */; };
		OBJ_32 /* Promise.framework in Frameworks */ = {isa = PBXBuildFile; fileRef = OBJ_15 /* Promise.framework */; };
/* End PBXBuildFile section */

/* Begin PBXContainerItemProxy section */
		9BF9E2561E90DE14008A70C8 /* PBXContainerItemProxy */ = {
			isa = PBXContainerItemProxy;
			containerPortal = OBJ_1 /* Project object */;
			proxyType = 1;
			remoteGlobalIDString = OBJ_17;
			remoteInfo = Promise;
		};
/* End PBXContainerItemProxy section */

/* Begin PBXFileReference section */
		9B23C2641E9F79AB009A50E9 /* Dictionary+Tuples.swift */ = {isa = PBXFileReference; fileEncoding = 4; lastKnownFileType = sourcecode.swift; path = "Dictionary+Tuples.swift"; sourceTree = "<group>"; };
		9BF9E2571E90DE43008A70C8 /* Command.swift */ = {isa = PBXFileReference; fileEncoding = 4; lastKnownFileType = sourcecode.swift; path = Command.swift; sourceTree = "<group>"; };
		9BF9E2591E90DE7B008A70C8 /* BlockCommand.swift */ = {isa = PBXFileReference; fileEncoding = 4; lastKnownFileType = sourcecode.swift; path = BlockCommand.swift; sourceTree = "<group>"; };
		9BF9E25B1E90DEA6008A70C8 /* GroupCommand.swift */ = {isa = PBXFileReference; fileEncoding = 4; lastKnownFileType = sourcecode.swift; path = GroupCommand.swift; sourceTree = "<group>"; };
		9BF9E25D1E90DECB008A70C8 /* CommandDispatcher.swift */ = {isa = PBXFileReference; fileEncoding = 4; lastKnownFileType = sourcecode.swift; path = CommandDispatcher.swift; sourceTree = "<group>"; };
		9BF9E25F1E90E07F008A70C8 /* Shape.swift */ = {isa = PBXFileReference; fileEncoding = 4; lastKnownFileType = sourcecode.swift; path = Shape.swift; sourceTree = "<group>"; };
		9BF9E2671E90E547008A70C8 /* CommanderTests.swift */ = {isa = PBXFileReference; fileEncoding = 4; lastKnownFileType = sourcecode.swift; path = CommanderTests.swift; sourceTree = "<group>"; };
		OBJ_12 /* Promise+Extras.swift */ = {isa = PBXFileReference; lastKnownFileType = sourcecode.swift; path = "Promise+Extras.swift"; sourceTree = "<group>"; };
		OBJ_13 /* Promise.swift */ = {isa = PBXFileReference; lastKnownFileType = sourcecode.swift; path = Promise.swift; sourceTree = "<group>"; };
		OBJ_15 /* Promise.framework */ = {isa = PBXFileReference; explicitFileType = wrapper.framework; path = Promise.framework; sourceTree = BUILT_PRODUCTS_DIR; };
		OBJ_16 /* Commander */ = {isa = PBXFileReference; lastKnownFileType = text; path = Commander; sourceTree = BUILT_PRODUCTS_DIR; };
		OBJ_6 /* Package.swift */ = {isa = PBXFileReference; explicitFileType = sourcecode.swift; path = Package.swift; sourceTree = "<group>"; };
		OBJ_8 /* main.swift */ = {isa = PBXFileReference; lastKnownFileType = sourcecode.swift; path = main.swift; sourceTree = "<group>"; };
/* End PBXFileReference section */

/* Begin PBXFrameworksBuildPhase section */
		OBJ_24 /* Frameworks */ = {
			isa = PBXFrameworksBuildPhase;
			buildActionMask = 0;
			files = (
			);
			runOnlyForDeploymentPostprocessing = 0;
		};
		OBJ_31 /* Frameworks */ = {
			isa = PBXFrameworksBuildPhase;
			buildActionMask = 0;
			files = (
				OBJ_32 /* Promise.framework in Frameworks */,
			);
			runOnlyForDeploymentPostprocessing = 0;
		};
/* End PBXFrameworksBuildPhase section */

/* Begin PBXGroup section */
		9BF9E2661E90E547008A70C8 /* CommanderTests */ = {
			isa = PBXGroup;
			children = (
				9BF9E2671E90E547008A70C8 /* CommanderTests.swift */,
			);
			name = CommanderTests;
			path = Tests/CommanderTests;
			sourceTree = "<group>";
		};
		OBJ_10 /* Dependencies */ = {
			isa = PBXGroup;
			children = (
				OBJ_11 /* Promise 0.1.0 */,
			);
			name = Dependencies;
			sourceTree = "<group>";
		};
		OBJ_11 /* Promise 0.1.0 */ = {
			isa = PBXGroup;
			children = (
				OBJ_12 /* Promise+Extras.swift */,
				OBJ_13 /* Promise.swift */,
			);
			name = "Promise 0.1.0";
			path = ".build/checkouts/Promise.git-2820548963726085300/Sources";
			sourceTree = SOURCE_ROOT;
		};
		OBJ_14 /* Products */ = {
			isa = PBXGroup;
			children = (
				OBJ_15 /* Promise.framework */,
				OBJ_16 /* Commander */,
			);
			name = Products;
			sourceTree = BUILT_PRODUCTS_DIR;
		};
		OBJ_5 = {
			isa = PBXGroup;
			children = (
				OBJ_6 /* Package.swift */,
				OBJ_7 /* Sources */,
				OBJ_9 /* Tests */,
				OBJ_10 /* Dependencies */,
				OBJ_14 /* Products */,
			);
			sourceTree = "<group>";
		};
		OBJ_7 /* Sources */ = {
			isa = PBXGroup;
			children = (
				OBJ_8 /* main.swift */,
				9BF9E2571E90DE43008A70C8 /* Command.swift */,
				9BF9E2591E90DE7B008A70C8 /* BlockCommand.swift */,
				9BF9E25B1E90DEA6008A70C8 /* GroupCommand.swift */,
				9BF9E25D1E90DECB008A70C8 /* CommandDispatcher.swift */,
				9BF9E25F1E90E07F008A70C8 /* Shape.swift */,
				9B23C2641E9F79AB009A50E9 /* Dictionary+Tuples.swift */,
			);
			path = Sources;
			sourceTree = SOURCE_ROOT;
		};
		OBJ_9 /* Tests */ = {
			isa = PBXGroup;
			children = (
				9BF9E2661E90E547008A70C8 /* CommanderTests */,
			);
			name = Tests;
			sourceTree = SOURCE_ROOT;
		};
/* End PBXGroup section */

/* Begin PBXNativeTarget section */
		OBJ_17 /* Promise */ = {
			isa = PBXNativeTarget;
			buildConfigurationList = OBJ_18 /* Build configuration list for PBXNativeTarget "Promise" */;
			buildPhases = (
				OBJ_21 /* Sources */,
				OBJ_24 /* Frameworks */,
			);
			buildRules = (
			);
			dependencies = (
			);
			name = Promise;
			productName = Promise;
			productReference = OBJ_15 /* Promise.framework */;
			productType = "com.apple.product-type.framework";
		};
		OBJ_25 /* Commander */ = {
			isa = PBXNativeTarget;
			buildConfigurationList = OBJ_26 /* Build configuration list for PBXNativeTarget "Commander" */;
			buildPhases = (
				OBJ_29 /* Sources */,
				OBJ_31 /* Frameworks */,
			);
			buildRules = (
			);
			dependencies = (
				OBJ_33 /* PBXTargetDependency */,
			);
			name = Commander;
			productName = Commander;
			productReference = OBJ_16 /* Commander */;
			productType = "com.apple.product-type.tool";
		};
/* End PBXNativeTarget section */

/* Begin PBXProject section */
		OBJ_1 /* Project object */ = {
			isa = PBXProject;
			attributes = {
				LastUpgradeCheck = 9999;
			};
			buildConfigurationList = OBJ_2 /* Build configuration list for PBXProject "Commander" */;
			compatibilityVersion = "Xcode 3.2";
			developmentRegion = English;
			hasScannedForEncodings = 0;
			knownRegions = (
				en,
			);
			mainGroup = OBJ_5;
			productRefGroup = OBJ_14 /* Products */;
			projectDirPath = "";
			projectRoot = "";
			targets = (
				OBJ_17 /* Promise */,
				OBJ_25 /* Commander */,
			);
		};
/* End PBXProject section */

/* Begin PBXSourcesBuildPhase section */
		OBJ_21 /* Sources */ = {
			isa = PBXSourcesBuildPhase;
			buildActionMask = 0;
			files = (
				OBJ_22 /* Promise+Extras.swift in Sources */,
				OBJ_23 /* Promise.swift in Sources */,
			);
			runOnlyForDeploymentPostprocessing = 0;
		};
		OBJ_29 /* Sources */ = {
			isa = PBXSourcesBuildPhase;
			buildActionMask = 0;
			files = (
				9B23C2651E9F79AB009A50E9 /* Dictionary+Tuples.swift in Sources */,
				OBJ_30 /* main.swift in Sources */,
				9BF9E2681E90E547008A70C8 /* CommanderTests.swift in Sources */,
				9BF9E2601E90E07F008A70C8 /* Shape.swift in Sources */,
				9BF9E25C1E90DEA6008A70C8 /* GroupCommand.swift in Sources */,
				9BF9E25A1E90DE7B008A70C8 /* BlockCommand.swift in Sources */,
				9BF9E25E1E90DECB008A70C8 /* CommandDispatcher.swift in Sources */,
				9BF9E2581E90DE43008A70C8 /* Command.swift in Sources */,
			);
			runOnlyForDeploymentPostprocessing = 0;
		};
/* End PBXSourcesBuildPhase section */

/* Begin PBXTargetDependency section */
		OBJ_33 /* PBXTargetDependency */ = {
			isa = PBXTargetDependency;
			target = OBJ_17 /* Promise */;
			targetProxy = 9BF9E2561E90DE14008A70C8 /* PBXContainerItemProxy */;
		};
/* End PBXTargetDependency section */

/* Begin XCBuildConfiguration section */
		OBJ_19 /* Debug */ = {
			isa = XCBuildConfiguration;
			buildSettings = {
				ENABLE_TESTABILITY = YES;
				FRAMEWORK_SEARCH_PATHS = (
					"$(inherited)",
					"$(PLATFORM_DIR)/Developer/Library/Frameworks",
				);
				HEADER_SEARCH_PATHS = "$(inherited)";
				INFOPLIST_FILE = Commander.xcodeproj/Promise_Info.plist;
				LD_RUNPATH_SEARCH_PATHS = "$(TOOLCHAIN_DIR)/usr/lib/swift/macosx";
				OTHER_LDFLAGS = "$(inherited)";
				OTHER_SWIFT_FLAGS = "$(inherited)";
				PRODUCT_BUNDLE_IDENTIFIER = Promise;
				PRODUCT_MODULE_NAME = "$(TARGET_NAME:c99extidentifier)";
				PRODUCT_NAME = "$(TARGET_NAME:c99extidentifier)";
				SKIP_INSTALL = YES;
				TARGET_NAME = Promise;
			};
			name = Debug;
		};
		OBJ_20 /* Release */ = {
			isa = XCBuildConfiguration;
			buildSettings = {
				ENABLE_TESTABILITY = YES;
				FRAMEWORK_SEARCH_PATHS = (
					"$(inherited)",
					"$(PLATFORM_DIR)/Developer/Library/Frameworks",
				);
				HEADER_SEARCH_PATHS = "$(inherited)";
				INFOPLIST_FILE = Commander.xcodeproj/Promise_Info.plist;
				LD_RUNPATH_SEARCH_PATHS = "$(TOOLCHAIN_DIR)/usr/lib/swift/macosx";
				OTHER_LDFLAGS = "$(inherited)";
				OTHER_SWIFT_FLAGS = "$(inherited)";
				PRODUCT_BUNDLE_IDENTIFIER = Promise;
				PRODUCT_MODULE_NAME = "$(TARGET_NAME:c99extidentifier)";
				PRODUCT_NAME = "$(TARGET_NAME:c99extidentifier)";
				SKIP_INSTALL = YES;
				TARGET_NAME = Promise;
			};
			name = Release;
		};
		OBJ_27 /* Debug */ = {
			isa = XCBuildConfiguration;
			buildSettings = {
				FRAMEWORK_SEARCH_PATHS = (
					"$(inherited)",
					"$(PLATFORM_DIR)/Developer/Library/Frameworks",
				);
				HEADER_SEARCH_PATHS = "$(inherited)";
				INFOPLIST_FILE = Commander.xcodeproj/Commander_Info.plist;
				LD_RUNPATH_SEARCH_PATHS = "$(TOOLCHAIN_DIR)/usr/lib/swift/macosx @executable_path";
				OTHER_LDFLAGS = "$(inherited)";
				OTHER_SWIFT_FLAGS = "$(inherited)";
				SWIFT_FORCE_DYNAMIC_LINK_STDLIB = YES;
				SWIFT_FORCE_STATIC_LINK_STDLIB = NO;
				TARGET_NAME = Commander;
			};
			name = Debug;
		};
		OBJ_28 /* Release */ = {
			isa = XCBuildConfiguration;
			buildSettings = {
				FRAMEWORK_SEARCH_PATHS = (
					"$(inherited)",
					"$(PLATFORM_DIR)/Developer/Library/Frameworks",
				);
				HEADER_SEARCH_PATHS = "$(inherited)";
				INFOPLIST_FILE = Commander.xcodeproj/Commander_Info.plist;
				LD_RUNPATH_SEARCH_PATHS = "$(TOOLCHAIN_DIR)/usr/lib/swift/macosx @executable_path";
				OTHER_LDFLAGS = "$(inherited)";
				OTHER_SWIFT_FLAGS = "$(inherited)";
				SWIFT_FORCE_DYNAMIC_LINK_STDLIB = YES;
				SWIFT_FORCE_STATIC_LINK_STDLIB = NO;
				TARGET_NAME = Commander;
			};
			name = Release;
		};
		OBJ_3 /* Debug */ = {
			isa = XCBuildConfiguration;
			buildSettings = {
				CLANG_ENABLE_OBJC_ARC = YES;
				COMBINE_HIDPI_IMAGES = YES;
				COPY_PHASE_STRIP = NO;
				DEBUG_INFORMATION_FORMAT = dwarf;
				DYLIB_INSTALL_NAME_BASE = "@rpath";
				ENABLE_NS_ASSERTIONS = YES;
				GCC_OPTIMIZATION_LEVEL = 0;
				MACOSX_DEPLOYMENT_TARGET = 10.10;
				ONLY_ACTIVE_ARCH = YES;
				OTHER_SWIFT_FLAGS = "-DXcode";
				PRODUCT_NAME = "$(TARGET_NAME)";
				SDKROOT = macosx;
				SUPPORTED_PLATFORMS = "macosx iphoneos iphonesimulator appletvos appletvsimulator watchos watchsimulator";
				SWIFT_ACTIVE_COMPILATION_CONDITIONS = SWIFT_PACKAGE;
				SWIFT_OPTIMIZATION_LEVEL = "-Onone";
				SWIFT_VERSION = 3.0;
				USE_HEADERMAP = NO;
			};
			name = Debug;
		};
		OBJ_4 /* Release */ = {
			isa = XCBuildConfiguration;
			buildSettings = {
				CLANG_ENABLE_OBJC_ARC = YES;
				COMBINE_HIDPI_IMAGES = YES;
				COPY_PHASE_STRIP = YES;
				DEBUG_INFORMATION_FORMAT = "dwarf-with-dsym";
				DYLIB_INSTALL_NAME_BASE = "@rpath";
				GCC_OPTIMIZATION_LEVEL = s;
				MACOSX_DEPLOYMENT_TARGET = 10.10;
				OTHER_SWIFT_FLAGS = "-DXcode";
				PRODUCT_NAME = "$(TARGET_NAME)";
				SDKROOT = macosx;
				SUPPORTED_PLATFORMS = "macosx iphoneos iphonesimulator appletvos appletvsimulator watchos watchsimulator";
				SWIFT_ACTIVE_COMPILATION_CONDITIONS = SWIFT_PACKAGE;
				SWIFT_OPTIMIZATION_LEVEL = "-Owholemodule";
				SWIFT_VERSION = 3.0;
				USE_HEADERMAP = NO;
			};
			name = Release;
		};
/* End XCBuildConfiguration section */

/* Begin XCConfigurationList section */
		OBJ_18 /* Build configuration list for PBXNativeTarget "Promise" */ = {
			isa = XCConfigurationList;
			buildConfigurations = (
				OBJ_19 /* Debug */,
				OBJ_20 /* Release */,
			);
			defaultConfigurationIsVisible = 0;
			defaultConfigurationName = Debug;
		};
		OBJ_2 /* Build configuration list for PBXProject "Commander" */ = {
			isa = XCConfigurationList;
			buildConfigurations = (
				OBJ_3 /* Debug */,
				OBJ_4 /* Release */,
			);
			defaultConfigurationIsVisible = 0;
			defaultConfigurationName = Debug;
		};
		OBJ_26 /* Build configuration list for PBXNativeTarget "Commander" */ = {
			isa = XCConfigurationList;
			buildConfigurations = (
				OBJ_27 /* Debug */,
				OBJ_28 /* Release */,
			);
			defaultConfigurationIsVisible = 0;
			defaultConfigurationName = Debug;
		};
/* End XCConfigurationList section */
	};
	rootObject = OBJ_1 /* Project object */;
}
