// !$*UTF8*$!
{
	archiveVersion = 1;
	classes = {
	};
	objectVersion = 46;
	objects = {

/* Begin PBXBuildFile section */
		9B79905C1EBA2555008B9D26 /* AppDelegate.swift in Sources */ = {isa = PBXBuildFile; fileRef = 9B79905B1EBA2555008B9D26 /* AppDelegate.swift */; };
		9B79905E1EBA2555008B9D26 /* ViewController.swift in Sources */ = {isa = PBXBuildFile; fileRef = 9B79905D1EBA2555008B9D26 /* ViewController.swift */; };
		9B7990611EBA2555008B9D26 /* Main.storyboard in Resources */ = {isa = PBXBuildFile; fileRef = 9B79905F1EBA2555008B9D26 /* Main.storyboard */; };
		9B7990631EBA2555008B9D26 /* Assets.xcassets in Resources */ = {isa = PBXBuildFile; fileRef = 9B7990621EBA2555008B9D26 /* Assets.xcassets */; };
		9B7990661EBA2555008B9D26 /* LaunchScreen.storyboard in Resources */ = {isa = PBXBuildFile; fileRef = 9B7990641EBA2555008B9D26 /* LaunchScreen.storyboard */; };
		9B7990711EBA2555008B9D26 /* CommanderTests.swift in Sources */ = {isa = PBXBuildFile; fileRef = 9B7990701EBA2555008B9D26 /* CommanderTests.swift */; };
		9B7990931EBA2682008B9D26 /* Dictionary+Tuples.swift in Sources */ = {isa = PBXBuildFile; fileRef = 9B7990921EBA2682008B9D26 /* Dictionary+Tuples.swift */; };
		9B7990A21EBB73A6008B9D26 /* Commands.framework in Frameworks */ = {isa = PBXBuildFile; fileRef = 9B7990991EBB73A5008B9D26 /* Commands.framework */; };
		9B7990A91EBB73A6008B9D26 /* CommandsTests.swift in Sources */ = {isa = PBXBuildFile; fileRef = 9B7990A81EBB73A6008B9D26 /* CommandsTests.swift */; };
		9B7990AB1EBB73A6008B9D26 /* Commands.h in Headers */ = {isa = PBXBuildFile; fileRef = 9B79909B1EBB73A5008B9D26 /* Commands.h */; settings = {ATTRIBUTES = (Public, ); }; };
		9B7990AE1EBB73A6008B9D26 /* Commands.framework in Frameworks */ = {isa = PBXBuildFile; fileRef = 9B7990991EBB73A5008B9D26 /* Commands.framework */; };
		9B7990AF1EBB73A6008B9D26 /* Commands.framework in Embed Frameworks */ = {isa = PBXBuildFile; fileRef = 9B7990991EBB73A5008B9D26 /* Commands.framework */; settings = {ATTRIBUTES = (CodeSignOnCopy, RemoveHeadersOnCopy, ); }; };
		9B7990C01EBB7402008B9D26 /* CommandDispatcher.swift in Sources */ = {isa = PBXBuildFile; fileRef = 9B7990B71EBB7402008B9D26 /* CommandDispatcher.swift */; };
		9B7990C11EBB7402008B9D26 /* BaseCommand.swift in Sources */ = {isa = PBXBuildFile; fileRef = 9B7990B81EBB7402008B9D26 /* BaseCommand.swift */; };
		9B7990C21EBB7402008B9D26 /* BlockCommand.swift in Sources */ = {isa = PBXBuildFile; fileRef = 9B7990B91EBB7402008B9D26 /* BlockCommand.swift */; };
		9B7990C31EBB7402008B9D26 /* CommandValidator.swift in Sources */ = {isa = PBXBuildFile; fileRef = 9B7990BA1EBB7402008B9D26 /* CommandValidator.swift */; };
		9B7990C41EBB7402008B9D26 /* GroupCommand.swift in Sources */ = {isa = PBXBuildFile; fileRef = 9B7990BB1EBB7402008B9D26 /* GroupCommand.swift */; };
		9B7990C51EBB7402008B9D26 /* CommandUndoManager.swift in Sources */ = {isa = PBXBuildFile; fileRef = 9B7990BC1EBB7402008B9D26 /* CommandUndoManager.swift */; };
		9B7990C61EBB7402008B9D26 /* CommandHandler.swift in Sources */ = {isa = PBXBuildFile; fileRef = 9B7990BD1EBB7402008B9D26 /* CommandHandler.swift */; };
		9B7990C81EBB7402008B9D26 /* Command.swift in Sources */ = {isa = PBXBuildFile; fileRef = 9B7990BF1EBB7402008B9D26 /* Command.swift */; };
		9B7990CA1EBB7488008B9D26 /* Shape.swift in Sources */ = {isa = PBXBuildFile; fileRef = 9B7990C91EBB7488008B9D26 /* Shape.swift */; };
/* End PBXBuildFile section */

/* Begin PBXContainerItemProxy section */
		9B79906D1EBA2555008B9D26 /* PBXContainerItemProxy */ = {
			isa = PBXContainerItemProxy;
			containerPortal = 9B7990501EBA2555008B9D26 /* Project object */;
			proxyType = 1;
			remoteGlobalIDString = 9B7990571EBA2555008B9D26;
			remoteInfo = Commander;
		};
		9B7990A31EBB73A6008B9D26 /* PBXContainerItemProxy */ = {
			isa = PBXContainerItemProxy;
			containerPortal = 9B7990501EBA2555008B9D26 /* Project object */;
			proxyType = 1;
			remoteGlobalIDString = 9B7990981EBB73A5008B9D26;
			remoteInfo = Commands;
		};
		9B7990A51EBB73A6008B9D26 /* PBXContainerItemProxy */ = {
			isa = PBXContainerItemProxy;
			containerPortal = 9B7990501EBA2555008B9D26 /* Project object */;
			proxyType = 1;
			remoteGlobalIDString = 9B7990571EBA2555008B9D26;
			remoteInfo = Commander;
		};
		9B7990AC1EBB73A6008B9D26 /* PBXContainerItemProxy */ = {
			isa = PBXContainerItemProxy;
			containerPortal = 9B7990501EBA2555008B9D26 /* Project object */;
			proxyType = 1;
			remoteGlobalIDString = 9B7990981EBB73A5008B9D26;
			remoteInfo = Commands;
		};
/* End PBXContainerItemProxy section */

/* Begin PBXCopyFilesBuildPhase section */
		9B7990B31EBB73A6008B9D26 /* Embed Frameworks */ = {
			isa = PBXCopyFilesBuildPhase;
			buildActionMask = 2147483647;
			dstPath = "";
			dstSubfolderSpec = 10;
			files = (
				9B7990AF1EBB73A6008B9D26 /* Commands.framework in Embed Frameworks */,
			);
			name = "Embed Frameworks";
			runOnlyForDeploymentPostprocessing = 0;
		};
/* End PBXCopyFilesBuildPhase section */

/* Begin PBXFileReference section */
		9B7990581EBA2555008B9D26 /* Commander.app */ = {isa = PBXFileReference; explicitFileType = wrapper.application; includeInIndex = 0; path = Commander.app; sourceTree = BUILT_PRODUCTS_DIR; };
		9B79905B1EBA2555008B9D26 /* AppDelegate.swift */ = {isa = PBXFileReference; lastKnownFileType = sourcecode.swift; path = AppDelegate.swift; sourceTree = "<group>"; };
		9B79905D1EBA2555008B9D26 /* ViewController.swift */ = {isa = PBXFileReference; lastKnownFileType = sourcecode.swift; path = ViewController.swift; sourceTree = "<group>"; };
		9B7990601EBA2555008B9D26 /* Base */ = {isa = PBXFileReference; lastKnownFileType = file.storyboard; name = Base; path = Base.lproj/Main.storyboard; sourceTree = "<group>"; };
		9B7990621EBA2555008B9D26 /* Assets.xcassets */ = {isa = PBXFileReference; lastKnownFileType = folder.assetcatalog; path = Assets.xcassets; sourceTree = "<group>"; };
		9B7990651EBA2555008B9D26 /* Base */ = {isa = PBXFileReference; lastKnownFileType = file.storyboard; name = Base; path = Base.lproj/LaunchScreen.storyboard; sourceTree = "<group>"; };
		9B7990671EBA2555008B9D26 /* Info.plist */ = {isa = PBXFileReference; lastKnownFileType = text.plist.xml; path = Info.plist; sourceTree = "<group>"; };
		9B79906C1EBA2555008B9D26 /* CommanderTests.xctest */ = {isa = PBXFileReference; explicitFileType = wrapper.cfbundle; includeInIndex = 0; path = CommanderTests.xctest; sourceTree = BUILT_PRODUCTS_DIR; };
		9B7990701EBA2555008B9D26 /* CommanderTests.swift */ = {isa = PBXFileReference; lastKnownFileType = sourcecode.swift; path = CommanderTests.swift; sourceTree = "<group>"; };
		9B7990721EBA2555008B9D26 /* Info.plist */ = {isa = PBXFileReference; lastKnownFileType = text.plist.xml; path = Info.plist; sourceTree = "<group>"; };
		9B7990921EBA2682008B9D26 /* Dictionary+Tuples.swift */ = {isa = PBXFileReference; fileEncoding = 4; lastKnownFileType = sourcecode.swift; path = "Dictionary+Tuples.swift"; sourceTree = "<group>"; };
		9B7990991EBB73A5008B9D26 /* Commands.framework */ = {isa = PBXFileReference; explicitFileType = wrapper.framework; includeInIndex = 0; path = Commands.framework; sourceTree = BUILT_PRODUCTS_DIR; };
		9B79909B1EBB73A5008B9D26 /* Commands.h */ = {isa = PBXFileReference; lastKnownFileType = sourcecode.c.h; path = Commands.h; sourceTree = "<group>"; };
		9B79909C1EBB73A5008B9D26 /* Info.plist */ = {isa = PBXFileReference; lastKnownFileType = text.plist.xml; path = Info.plist; sourceTree = "<group>"; };
		9B7990A11EBB73A5008B9D26 /* CommandsTests.xctest */ = {isa = PBXFileReference; explicitFileType = wrapper.cfbundle; includeInIndex = 0; path = CommandsTests.xctest; sourceTree = BUILT_PRODUCTS_DIR; };
		9B7990A81EBB73A6008B9D26 /* CommandsTests.swift */ = {isa = PBXFileReference; lastKnownFileType = sourcecode.swift; path = CommandsTests.swift; sourceTree = "<group>"; };
		9B7990AA1EBB73A6008B9D26 /* Info.plist */ = {isa = PBXFileReference; lastKnownFileType = text.plist.xml; path = Info.plist; sourceTree = "<group>"; };
		9B7990B71EBB7402008B9D26 /* CommandDispatcher.swift */ = {isa = PBXFileReference; fileEncoding = 4; lastKnownFileType = sourcecode.swift; path = CommandDispatcher.swift; sourceTree = "<group>"; };
		9B7990B81EBB7402008B9D26 /* BaseCommand.swift */ = {isa = PBXFileReference; fileEncoding = 4; lastKnownFileType = sourcecode.swift; path = BaseCommand.swift; sourceTree = "<group>"; };
		9B7990B91EBB7402008B9D26 /* BlockCommand.swift */ = {isa = PBXFileReference; fileEncoding = 4; lastKnownFileType = sourcecode.swift; path = BlockCommand.swift; sourceTree = "<group>"; };
		9B7990BA1EBB7402008B9D26 /* CommandValidator.swift */ = {isa = PBXFileReference; fileEncoding = 4; lastKnownFileType = sourcecode.swift; path = CommandValidator.swift; sourceTree = "<group>"; };
		9B7990BB1EBB7402008B9D26 /* GroupCommand.swift */ = {isa = PBXFileReference; fileEncoding = 4; lastKnownFileType = sourcecode.swift; path = GroupCommand.swift; sourceTree = "<group>"; };
		9B7990BC1EBB7402008B9D26 /* CommandUndoManager.swift */ = {isa = PBXFileReference; fileEncoding = 4; lastKnownFileType = sourcecode.swift; path = CommandUndoManager.swift; sourceTree = "<group>"; };
		9B7990BD1EBB7402008B9D26 /* CommandHandler.swift */ = {isa = PBXFileReference; fileEncoding = 4; lastKnownFileType = sourcecode.swift; path = CommandHandler.swift; sourceTree = "<group>"; };
		9B7990BF1EBB7402008B9D26 /* Command.swift */ = {isa = PBXFileReference; fileEncoding = 4; lastKnownFileType = sourcecode.swift; path = Command.swift; sourceTree = "<group>"; };
		9B7990C91EBB7488008B9D26 /* Shape.swift */ = {isa = PBXFileReference; fileEncoding = 4; lastKnownFileType = sourcecode.swift; path = Shape.swift; sourceTree = "<group>"; };
/* End PBXFileReference section */

/* Begin PBXFrameworksBuildPhase section */
		9B7990551EBA2555008B9D26 /* Frameworks */ = {
			isa = PBXFrameworksBuildPhase;
			buildActionMask = 2147483647;
			files = (
				9B7990AE1EBB73A6008B9D26 /* Commands.framework in Frameworks */,
			);
			runOnlyForDeploymentPostprocessing = 0;
		};
		9B7990691EBA2555008B9D26 /* Frameworks */ = {
			isa = PBXFrameworksBuildPhase;
			buildActionMask = 2147483647;
			files = (
			);
			runOnlyForDeploymentPostprocessing = 0;
		};
		9B7990951EBB73A5008B9D26 /* Frameworks */ = {
			isa = PBXFrameworksBuildPhase;
			buildActionMask = 2147483647;
			files = (
			);
			runOnlyForDeploymentPostprocessing = 0;
		};
		9B79909E1EBB73A5008B9D26 /* Frameworks */ = {
			isa = PBXFrameworksBuildPhase;
			buildActionMask = 2147483647;
			files = (
				9B7990A21EBB73A6008B9D26 /* Commands.framework in Frameworks */,
			);
			runOnlyForDeploymentPostprocessing = 0;
		};
/* End PBXFrameworksBuildPhase section */

/* Begin PBXGroup section */
		9B79904F1EBA2555008B9D26 = {
			isa = PBXGroup;
			children = (
				9B79905A1EBA2555008B9D26 /* Commander */,
				9B79906F1EBA2555008B9D26 /* CommanderTests */,
				9B79909A1EBB73A5008B9D26 /* Commands */,
				9B7990A71EBB73A6008B9D26 /* CommandsTests */,
				9B7990591EBA2555008B9D26 /* Products */,
			);
			sourceTree = "<group>";
		};
		9B7990591EBA2555008B9D26 /* Products */ = {
			isa = PBXGroup;
			children = (
				9B7990581EBA2555008B9D26 /* Commander.app */,
				9B79906C1EBA2555008B9D26 /* CommanderTests.xctest */,
				9B7990991EBB73A5008B9D26 /* Commands.framework */,
				9B7990A11EBB73A5008B9D26 /* CommandsTests.xctest */,
			);
			name = Products;
			sourceTree = "<group>";
		};
		9B79905A1EBA2555008B9D26 /* Commander */ = {
			isa = PBXGroup;
			children = (
				9B7990C91EBB7488008B9D26 /* Shape.swift */,
				9B79905B1EBA2555008B9D26 /* AppDelegate.swift */,
				9B7990921EBA2682008B9D26 /* Dictionary+Tuples.swift */,
				9B79905D1EBA2555008B9D26 /* ViewController.swift */,
				9B79905F1EBA2555008B9D26 /* Main.storyboard */,
				9B7990621EBA2555008B9D26 /* Assets.xcassets */,
				9B7990641EBA2555008B9D26 /* LaunchScreen.storyboard */,
				9B7990671EBA2555008B9D26 /* Info.plist */,
			);
			path = Commander;
			sourceTree = "<group>";
		};
		9B79906F1EBA2555008B9D26 /* CommanderTests */ = {
			isa = PBXGroup;
			children = (
				9B7990701EBA2555008B9D26 /* CommanderTests.swift */,
				9B7990721EBA2555008B9D26 /* Info.plist */,
			);
			path = CommanderTests;
			sourceTree = "<group>";
		};
		9B79909A1EBB73A5008B9D26 /* Commands */ = {
			isa = PBXGroup;
			children = (
				9B7990B71EBB7402008B9D26 /* CommandDispatcher.swift */,
				9B7990B81EBB7402008B9D26 /* BaseCommand.swift */,
				9B7990B91EBB7402008B9D26 /* BlockCommand.swift */,
				9B7990BA1EBB7402008B9D26 /* CommandValidator.swift */,
				9B7990BB1EBB7402008B9D26 /* GroupCommand.swift */,
				9B7990BC1EBB7402008B9D26 /* CommandUndoManager.swift */,
				9B7990BD1EBB7402008B9D26 /* CommandHandler.swift */,
				9B7990BF1EBB7402008B9D26 /* Command.swift */,
				9B79909B1EBB73A5008B9D26 /* Commands.h */,
				9B79909C1EBB73A5008B9D26 /* Info.plist */,
			);
			path = Commands;
			sourceTree = "<group>";
		};
		9B7990A71EBB73A6008B9D26 /* CommandsTests */ = {
			isa = PBXGroup;
			children = (
				9B7990A81EBB73A6008B9D26 /* CommandsTests.swift */,
				9B7990AA1EBB73A6008B9D26 /* Info.plist */,
			);
			path = CommandsTests;
			sourceTree = "<group>";
		};
/* End PBXGroup section */

/* Begin PBXHeadersBuildPhase section */
		9B7990961EBB73A5008B9D26 /* Headers */ = {
			isa = PBXHeadersBuildPhase;
			buildActionMask = 2147483647;
			files = (
				9B7990AB1EBB73A6008B9D26 /* Commands.h in Headers */,
			);
			runOnlyForDeploymentPostprocessing = 0;
		};
/* End PBXHeadersBuildPhase section */

/* Begin PBXNativeTarget section */
		9B7990571EBA2555008B9D26 /* Commander */ = {
			isa = PBXNativeTarget;
			buildConfigurationList = 9B7990751EBA2555008B9D26 /* Build configuration list for PBXNativeTarget "Commander" */;
			buildPhases = (
				9B7990541EBA2555008B9D26 /* Sources */,
				9B7990551EBA2555008B9D26 /* Frameworks */,
				9B7990561EBA2555008B9D26 /* Resources */,
				9B7990B31EBB73A6008B9D26 /* Embed Frameworks */,
			);
			buildRules = (
			);
			dependencies = (
				9B7990AD1EBB73A6008B9D26 /* PBXTargetDependency */,
			);
			name = Commander;
			productName = Commander;
			productReference = 9B7990581EBA2555008B9D26 /* Commander.app */;
			productType = "com.apple.product-type.application";
		};
		9B79906B1EBA2555008B9D26 /* CommanderTests */ = {
			isa = PBXNativeTarget;
			buildConfigurationList = 9B7990781EBA2555008B9D26 /* Build configuration list for PBXNativeTarget "CommanderTests" */;
			buildPhases = (
				9B7990681EBA2555008B9D26 /* Sources */,
				9B7990691EBA2555008B9D26 /* Frameworks */,
				9B79906A1EBA2555008B9D26 /* Resources */,
			);
			buildRules = (
			);
			dependencies = (
				9B79906E1EBA2555008B9D26 /* PBXTargetDependency */,
			);
			name = CommanderTests;
			productName = CommanderTests;
			productReference = 9B79906C1EBA2555008B9D26 /* CommanderTests.xctest */;
			productType = "com.apple.product-type.bundle.unit-test";
		};
		9B7990981EBB73A5008B9D26 /* Commands */ = {
			isa = PBXNativeTarget;
			buildConfigurationList = 9B7990B01EBB73A6008B9D26 /* Build configuration list for PBXNativeTarget "Commands" */;
			buildPhases = (
				9B7990941EBB73A5008B9D26 /* Sources */,
				9B7990951EBB73A5008B9D26 /* Frameworks */,
				9B7990961EBB73A5008B9D26 /* Headers */,
				9B7990971EBB73A5008B9D26 /* Resources */,
			);
			buildRules = (
			);
			dependencies = (
			);
			name = Commands;
			productName = Commands;
			productReference = 9B7990991EBB73A5008B9D26 /* Commands.framework */;
			productType = "com.apple.product-type.framework";
		};
		9B7990A01EBB73A5008B9D26 /* CommandsTests */ = {
			isa = PBXNativeTarget;
			buildConfigurationList = 9B7990B41EBB73A6008B9D26 /* Build configuration list for PBXNativeTarget "CommandsTests" */;
			buildPhases = (
				9B79909D1EBB73A5008B9D26 /* Sources */,
				9B79909E1EBB73A5008B9D26 /* Frameworks */,
				9B79909F1EBB73A5008B9D26 /* Resources */,
			);
			buildRules = (
			);
			dependencies = (
				9B7990A41EBB73A6008B9D26 /* PBXTargetDependency */,
				9B7990A61EBB73A6008B9D26 /* PBXTargetDependency */,
			);
			name = CommandsTests;
			productName = CommandsTests;
			productReference = 9B7990A11EBB73A5008B9D26 /* CommandsTests.xctest */;
			productType = "com.apple.product-type.bundle.unit-test";
		};
/* End PBXNativeTarget section */

/* Begin PBXProject section */
		9B7990501EBA2555008B9D26 /* Project object */ = {
			isa = PBXProject;
			attributes = {
				LastSwiftUpdateCheck = 0830;
				LastUpgradeCheck = 0830;
				ORGANIZATIONNAME = "Matthias Tretter";
				TargetAttributes = {
					9B7990571EBA2555008B9D26 = {
						CreatedOnToolsVersion = 8.3.1;
						DevelopmentTeam = LBC2MU6F54;
						ProvisioningStyle = Automatic;
					};
					9B79906B1EBA2555008B9D26 = {
						CreatedOnToolsVersion = 8.3.1;
						DevelopmentTeam = LBC2MU6F54;
						ProvisioningStyle = Automatic;
						TestTargetID = 9B7990571EBA2555008B9D26;
					};
					9B7990981EBB73A5008B9D26 = {
						CreatedOnToolsVersion = 8.3.1;
						DevelopmentTeam = LBC2MU6F54;
						LastSwiftMigration = 0830;
						ProvisioningStyle = Automatic;
					};
					9B7990A01EBB73A5008B9D26 = {
						CreatedOnToolsVersion = 8.3.1;
						DevelopmentTeam = LBC2MU6F54;
						ProvisioningStyle = Automatic;
						TestTargetID = 9B7990571EBA2555008B9D26;
					};
				};
			};
			buildConfigurationList = 9B7990531EBA2555008B9D26 /* Build configuration list for PBXProject "Commander" */;
			compatibilityVersion = "Xcode 3.2";
			developmentRegion = English;
			hasScannedForEncodings = 0;
			knownRegions = (
				en,
				Base,
			);
			mainGroup = 9B79904F1EBA2555008B9D26;
			productRefGroup = 9B7990591EBA2555008B9D26 /* Products */;
			projectDirPath = "";
			projectRoot = "";
			targets = (
				9B7990571EBA2555008B9D26 /* Commander */,
				9B79906B1EBA2555008B9D26 /* CommanderTests */,
				9B7990981EBB73A5008B9D26 /* Commands */,
				9B7990A01EBB73A5008B9D26 /* CommandsTests */,
			);
		};
/* End PBXProject section */

/* Begin PBXResourcesBuildPhase section */
		9B7990561EBA2555008B9D26 /* Resources */ = {
			isa = PBXResourcesBuildPhase;
			buildActionMask = 2147483647;
			files = (
				9B7990661EBA2555008B9D26 /* LaunchScreen.storyboard in Resources */,
				9B7990631EBA2555008B9D26 /* Assets.xcassets in Resources */,
				9B7990611EBA2555008B9D26 /* Main.storyboard in Resources */,
			);
			runOnlyForDeploymentPostprocessing = 0;
		};
		9B79906A1EBA2555008B9D26 /* Resources */ = {
			isa = PBXResourcesBuildPhase;
			buildActionMask = 2147483647;
			files = (
			);
			runOnlyForDeploymentPostprocessing = 0;
		};
		9B7990971EBB73A5008B9D26 /* Resources */ = {
			isa = PBXResourcesBuildPhase;
			buildActionMask = 2147483647;
			files = (
			);
			runOnlyForDeploymentPostprocessing = 0;
		};
		9B79909F1EBB73A5008B9D26 /* Resources */ = {
			isa = PBXResourcesBuildPhase;
			buildActionMask = 2147483647;
			files = (
			);
			runOnlyForDeploymentPostprocessing = 0;
		};
/* End PBXResourcesBuildPhase section */

/* Begin PBXSourcesBuildPhase section */
		9B7990541EBA2555008B9D26 /* Sources */ = {
			isa = PBXSourcesBuildPhase;
			buildActionMask = 2147483647;
			files = (
				9B79905E1EBA2555008B9D26 /* ViewController.swift in Sources */,
				9B79905C1EBA2555008B9D26 /* AppDelegate.swift in Sources */,
				9B7990931EBA2682008B9D26 /* Dictionary+Tuples.swift in Sources */,
				9B7990CA1EBB7488008B9D26 /* Shape.swift in Sources */,
			);
			runOnlyForDeploymentPostprocessing = 0;
		};
		9B7990681EBA2555008B9D26 /* Sources */ = {
			isa = PBXSourcesBuildPhase;
			buildActionMask = 2147483647;
			files = (
				9B7990711EBA2555008B9D26 /* CommanderTests.swift in Sources */,
			);
			runOnlyForDeploymentPostprocessing = 0;
		};
		9B7990941EBB73A5008B9D26 /* Sources */ = {
			isa = PBXSourcesBuildPhase;
			buildActionMask = 2147483647;
			files = (
				9B7990C11EBB7402008B9D26 /* BaseCommand.swift in Sources */,
				9B7990C21EBB7402008B9D26 /* BlockCommand.swift in Sources */,
				9B7990C61EBB7402008B9D26 /* CommandHandler.swift in Sources */,
				9B7990C31EBB7402008B9D26 /* CommandValidator.swift in Sources */,
				9B7990C41EBB7402008B9D26 /* GroupCommand.swift in Sources */,
				9B7990C81EBB7402008B9D26 /* Command.swift in Sources */,
				9B7990C01EBB7402008B9D26 /* CommandDispatcher.swift in Sources */,
				9B7990C51EBB7402008B9D26 /* CommandUndoManager.swift in Sources */,
			);
			runOnlyForDeploymentPostprocessing = 0;
		};
		9B79909D1EBB73A5008B9D26 /* Sources */ = {
			isa = PBXSourcesBuildPhase;
			buildActionMask = 2147483647;
			files = (
				9B7990A91EBB73A6008B9D26 /* CommandsTests.swift in Sources */,
			);
			runOnlyForDeploymentPostprocessing = 0;
		};
/* End PBXSourcesBuildPhase section */

/* Begin PBXTargetDependency section */
		9B79906E1EBA2555008B9D26 /* PBXTargetDependency */ = {
			isa = PBXTargetDependency;
			target = 9B7990571EBA2555008B9D26 /* Commander */;
			targetProxy = 9B79906D1EBA2555008B9D26 /* PBXContainerItemProxy */;
		};
		9B7990A41EBB73A6008B9D26 /* PBXTargetDependency */ = {
			isa = PBXTargetDependency;
			target = 9B7990981EBB73A5008B9D26 /* Commands */;
			targetProxy = 9B7990A31EBB73A6008B9D26 /* PBXContainerItemProxy */;
		};
		9B7990A61EBB73A6008B9D26 /* PBXTargetDependency */ = {
			isa = PBXTargetDependency;
			target = 9B7990571EBA2555008B9D26 /* Commander */;
			targetProxy = 9B7990A51EBB73A6008B9D26 /* PBXContainerItemProxy */;
		};
		9B7990AD1EBB73A6008B9D26 /* PBXTargetDependency */ = {
			isa = PBXTargetDependency;
			target = 9B7990981EBB73A5008B9D26 /* Commands */;
			targetProxy = 9B7990AC1EBB73A6008B9D26 /* PBXContainerItemProxy */;
		};
/* End PBXTargetDependency section */

/* Begin PBXVariantGroup section */
		9B79905F1EBA2555008B9D26 /* Main.storyboard */ = {
			isa = PBXVariantGroup;
			children = (
				9B7990601EBA2555008B9D26 /* Base */,
			);
			name = Main.storyboard;
			sourceTree = "<group>";
		};
		9B7990641EBA2555008B9D26 /* LaunchScreen.storyboard */ = {
			isa = PBXVariantGroup;
			children = (
				9B7990651EBA2555008B9D26 /* Base */,
			);
			name = LaunchScreen.storyboard;
			sourceTree = "<group>";
		};
/* End PBXVariantGroup section */

/* Begin XCBuildConfiguration section */
		9B7990731EBA2555008B9D26 /* Debug */ = {
			isa = XCBuildConfiguration;
			buildSettings = {
				ALWAYS_SEARCH_USER_PATHS = NO;
				CLANG_ANALYZER_NONNULL = YES;
				CLANG_ANALYZER_NUMBER_OBJECT_CONVERSION = YES_AGGRESSIVE;
				CLANG_CXX_LANGUAGE_STANDARD = "gnu++0x";
				CLANG_CXX_LIBRARY = "libc++";
				CLANG_ENABLE_MODULES = YES;
				CLANG_ENABLE_OBJC_ARC = YES;
				CLANG_WARN_BOOL_CONVERSION = YES;
				CLANG_WARN_CONSTANT_CONVERSION = YES;
				CLANG_WARN_DIRECT_OBJC_ISA_USAGE = YES_ERROR;
				CLANG_WARN_DOCUMENTATION_COMMENTS = YES;
				CLANG_WARN_EMPTY_BODY = YES;
				CLANG_WARN_ENUM_CONVERSION = YES;
				CLANG_WARN_INFINITE_RECURSION = YES;
				CLANG_WARN_INT_CONVERSION = YES;
				CLANG_WARN_OBJC_ROOT_CLASS = YES_ERROR;
				CLANG_WARN_SUSPICIOUS_MOVE = YES;
				CLANG_WARN_UNREACHABLE_CODE = YES;
				CLANG_WARN__DUPLICATE_METHOD_MATCH = YES;
				"CODE_SIGN_IDENTITY[sdk=iphoneos*]" = "iPhone Developer";
				COPY_PHASE_STRIP = NO;
				DEBUG_INFORMATION_FORMAT = dwarf;
				ENABLE_STRICT_OBJC_MSGSEND = YES;
				ENABLE_TESTABILITY = YES;
				GCC_C_LANGUAGE_STANDARD = gnu99;
				GCC_DYNAMIC_NO_PIC = NO;
				GCC_NO_COMMON_BLOCKS = YES;
				GCC_OPTIMIZATION_LEVEL = 0;
				GCC_PREPROCESSOR_DEFINITIONS = (
					"DEBUG=1",
					"$(inherited)",
				);
				GCC_WARN_64_TO_32_BIT_CONVERSION = YES;
				GCC_WARN_ABOUT_RETURN_TYPE = YES_ERROR;
				GCC_WARN_UNDECLARED_SELECTOR = YES;
				GCC_WARN_UNINITIALIZED_AUTOS = YES_AGGRESSIVE;
				GCC_WARN_UNUSED_FUNCTION = YES;
				GCC_WARN_UNUSED_VARIABLE = YES;
				IPHONEOS_DEPLOYMENT_TARGET = 10.3;
				MTL_ENABLE_DEBUG_INFO = YES;
				ONLY_ACTIVE_ARCH = YES;
				SDKROOT = iphoneos;
				SWIFT_ACTIVE_COMPILATION_CONDITIONS = DEBUG;
				SWIFT_OPTIMIZATION_LEVEL = "-Onone";
				TARGETED_DEVICE_FAMILY = "1,2";
			};
			name = Debug;
		};
		9B7990741EBA2555008B9D26 /* Release */ = {
			isa = XCBuildConfiguration;
			buildSettings = {
				ALWAYS_SEARCH_USER_PATHS = NO;
				CLANG_ANALYZER_NONNULL = YES;
				CLANG_ANALYZER_NUMBER_OBJECT_CONVERSION = YES_AGGRESSIVE;
				CLANG_CXX_LANGUAGE_STANDARD = "gnu++0x";
				CLANG_CXX_LIBRARY = "libc++";
				CLANG_ENABLE_MODULES = YES;
				CLANG_ENABLE_OBJC_ARC = YES;
				CLANG_WARN_BOOL_CONVERSION = YES;
				CLANG_WARN_CONSTANT_CONVERSION = YES;
				CLANG_WARN_DIRECT_OBJC_ISA_USAGE = YES_ERROR;
				CLANG_WARN_DOCUMENTATION_COMMENTS = YES;
				CLANG_WARN_EMPTY_BODY = YES;
				CLANG_WARN_ENUM_CONVERSION = YES;
				CLANG_WARN_INFINITE_RECURSION = YES;
				CLANG_WARN_INT_CONVERSION = YES;
				CLANG_WARN_OBJC_ROOT_CLASS = YES_ERROR;
				CLANG_WARN_SUSPICIOUS_MOVE = YES;
				CLANG_WARN_UNREACHABLE_CODE = YES;
				CLANG_WARN__DUPLICATE_METHOD_MATCH = YES;
				"CODE_SIGN_IDENTITY[sdk=iphoneos*]" = "iPhone Developer";
				COPY_PHASE_STRIP = NO;
				DEBUG_INFORMATION_FORMAT = "dwarf-with-dsym";
				ENABLE_NS_ASSERTIONS = NO;
				ENABLE_STRICT_OBJC_MSGSEND = YES;
				GCC_C_LANGUAGE_STANDARD = gnu99;
				GCC_NO_COMMON_BLOCKS = YES;
				GCC_WARN_64_TO_32_BIT_CONVERSION = YES;
				GCC_WARN_ABOUT_RETURN_TYPE = YES_ERROR;
				GCC_WARN_UNDECLARED_SELECTOR = YES;
				GCC_WARN_UNINITIALIZED_AUTOS = YES_AGGRESSIVE;
				GCC_WARN_UNUSED_FUNCTION = YES;
				GCC_WARN_UNUSED_VARIABLE = YES;
				IPHONEOS_DEPLOYMENT_TARGET = 10.3;
				MTL_ENABLE_DEBUG_INFO = NO;
				SDKROOT = iphoneos;
				SWIFT_OPTIMIZATION_LEVEL = "-Owholemodule";
				TARGETED_DEVICE_FAMILY = "1,2";
				VALIDATE_PRODUCT = YES;
			};
			name = Release;
		};
		9B7990761EBA2555008B9D26 /* Debug */ = {
			isa = XCBuildConfiguration;
			buildSettings = {
				ALWAYS_EMBED_SWIFT_STANDARD_LIBRARIES = YES;
				ASSETCATALOG_COMPILER_APPICON_NAME = AppIcon;
				DEVELOPMENT_TEAM = LBC2MU6F54;
				INFOPLIST_FILE = Commander/Info.plist;
				LD_RUNPATH_SEARCH_PATHS = "$(inherited) @executable_path/Frameworks";
				PRODUCT_BUNDLE_IDENTIFIER = com.myell0w.Commander;
				PRODUCT_NAME = "$(TARGET_NAME)";
				SWIFT_VERSION = 3.0;
			};
			name = Debug;
		};
		9B7990771EBA2555008B9D26 /* Release */ = {
			isa = XCBuildConfiguration;
			buildSettings = {
				ALWAYS_EMBED_SWIFT_STANDARD_LIBRARIES = YES;
				ASSETCATALOG_COMPILER_APPICON_NAME = AppIcon;
				DEVELOPMENT_TEAM = LBC2MU6F54;
				INFOPLIST_FILE = Commander/Info.plist;
				LD_RUNPATH_SEARCH_PATHS = "$(inherited) @executable_path/Frameworks";
				PRODUCT_BUNDLE_IDENTIFIER = com.myell0w.Commander;
				PRODUCT_NAME = "$(TARGET_NAME)";
				SWIFT_VERSION = 3.0;
			};
			name = Release;
		};
		9B7990791EBA2555008B9D26 /* Debug */ = {
			isa = XCBuildConfiguration;
			buildSettings = {
				ALWAYS_EMBED_SWIFT_STANDARD_LIBRARIES = YES;
				BUNDLE_LOADER = "$(TEST_HOST)";
				DEVELOPMENT_TEAM = LBC2MU6F54;
				INFOPLIST_FILE = CommanderTests/Info.plist;
				LD_RUNPATH_SEARCH_PATHS = "$(inherited) @executable_path/Frameworks @loader_path/Frameworks";
				PRODUCT_BUNDLE_IDENTIFIER = com.myell0w.CommanderTests;
				PRODUCT_NAME = "$(TARGET_NAME)";
				SWIFT_VERSION = 3.0;
				TEST_HOST = "$(BUILT_PRODUCTS_DIR)/Commander.app/Commander";
			};
			name = Debug;
		};
		9B79907A1EBA2555008B9D26 /* Release */ = {
			isa = XCBuildConfiguration;
			buildSettings = {
				ALWAYS_EMBED_SWIFT_STANDARD_LIBRARIES = YES;
				BUNDLE_LOADER = "$(TEST_HOST)";
				DEVELOPMENT_TEAM = LBC2MU6F54;
				INFOPLIST_FILE = CommanderTests/Info.plist;
				LD_RUNPATH_SEARCH_PATHS = "$(inherited) @executable_path/Frameworks @loader_path/Frameworks";
				PRODUCT_BUNDLE_IDENTIFIER = com.myell0w.CommanderTests;
				PRODUCT_NAME = "$(TARGET_NAME)";
				SWIFT_VERSION = 3.0;
				TEST_HOST = "$(BUILT_PRODUCTS_DIR)/Commander.app/Commander";
			};
			name = Release;
		};
		9B7990B11EBB73A6008B9D26 /* Debug */ = {
			isa = XCBuildConfiguration;
			buildSettings = {
				CLANG_ENABLE_MODULES = YES;
				CODE_SIGN_IDENTITY = "";
				CURRENT_PROJECT_VERSION = 1;
				DEFINES_MODULE = YES;
				DEVELOPMENT_TEAM = LBC2MU6F54;
				DYLIB_COMPATIBILITY_VERSION = 1;
				DYLIB_CURRENT_VERSION = 1;
				DYLIB_INSTALL_NAME_BASE = "@rpath";
				INFOPLIST_FILE = Commands/Info.plist;
				INSTALL_PATH = "$(LOCAL_LIBRARY_DIR)/Frameworks";
				IPHONEOS_DEPLOYMENT_TARGET = 10.0;
				LD_RUNPATH_SEARCH_PATHS = "$(inherited) @executable_path/Frameworks @loader_path/Frameworks";
				PRODUCT_BUNDLE_IDENTIFIER = com.myell0w.Commands;
				PRODUCT_NAME = "$(TARGET_NAME)";
				SKIP_INSTALL = YES;
				SWIFT_OPTIMIZATION_LEVEL = "-Onone";
				SWIFT_VERSION = 3.0;
				VERSIONING_SYSTEM = "apple-generic";
				VERSION_INFO_PREFIX = "";
			};
			name = Debug;
		};
		9B7990B21EBB73A6008B9D26 /* Release */ = {
			isa = XCBuildConfiguration;
			buildSettings = {
				CLANG_ENABLE_MODULES = YES;
				CODE_SIGN_IDENTITY = "";
				CURRENT_PROJECT_VERSION = 1;
				DEFINES_MODULE = YES;
				DEVELOPMENT_TEAM = LBC2MU6F54;
				DYLIB_COMPATIBILITY_VERSION = 1;
				DYLIB_CURRENT_VERSION = 1;
				DYLIB_INSTALL_NAME_BASE = "@rpath";
				INFOPLIST_FILE = Commands/Info.plist;
				INSTALL_PATH = "$(LOCAL_LIBRARY_DIR)/Frameworks";
				IPHONEOS_DEPLOYMENT_TARGET = 10.0;
				LD_RUNPATH_SEARCH_PATHS = "$(inherited) @executable_path/Frameworks @loader_path/Frameworks";
				PRODUCT_BUNDLE_IDENTIFIER = com.myell0w.Commands;
				PRODUCT_NAME = "$(TARGET_NAME)";
				SKIP_INSTALL = YES;
				SWIFT_VERSION = 3.0;
				VERSIONING_SYSTEM = "apple-generic";
				VERSION_INFO_PREFIX = "";
			};
			name = Release;
		};
		9B7990B51EBB73A6008B9D26 /* Debug */ = {
			isa = XCBuildConfiguration;
			buildSettings = {
				ALWAYS_EMBED_SWIFT_STANDARD_LIBRARIES = YES;
				DEVELOPMENT_TEAM = LBC2MU6F54;
				INFOPLIST_FILE = CommandsTests/Info.plist;
				LD_RUNPATH_SEARCH_PATHS = "$(inherited) @executable_path/Frameworks @loader_path/Frameworks";
				PRODUCT_BUNDLE_IDENTIFIER = com.myell0w.CommandsTests;
				PRODUCT_NAME = "$(TARGET_NAME)";
				SWIFT_VERSION = 3.0;
				TEST_HOST = "$(BUILT_PRODUCTS_DIR)/Commander.app/Commander";
			};
			name = Debug;
		};
		9B7990B61EBB73A6008B9D26 /* Release */ = {
			isa = XCBuildConfiguration;
			buildSettings = {
				ALWAYS_EMBED_SWIFT_STANDARD_LIBRARIES = YES;
				DEVELOPMENT_TEAM = LBC2MU6F54;
				INFOPLIST_FILE = CommandsTests/Info.plist;
				LD_RUNPATH_SEARCH_PATHS = "$(inherited) @executable_path/Frameworks @loader_path/Frameworks";
				PRODUCT_BUNDLE_IDENTIFIER = com.myell0w.CommandsTests;
				PRODUCT_NAME = "$(TARGET_NAME)";
				SWIFT_VERSION = 3.0;
				TEST_HOST = "$(BUILT_PRODUCTS_DIR)/Commander.app/Commander";
			};
			name = Release;
		};
/* End XCBuildConfiguration section */

/* Begin XCConfigurationList section */
		9B7990531EBA2555008B9D26 /* Build configuration list for PBXProject "Commander" */ = {
			isa = XCConfigurationList;
			buildConfigurations = (
				9B7990731EBA2555008B9D26 /* Debug */,
				9B7990741EBA2555008B9D26 /* Release */,
			);
			defaultConfigurationIsVisible = 0;
			defaultConfigurationName = Release;
		};
		9B7990751EBA2555008B9D26 /* Build configuration list for PBXNativeTarget "Commander" */ = {
			isa = XCConfigurationList;
			buildConfigurations = (
				9B7990761EBA2555008B9D26 /* Debug */,
				9B7990771EBA2555008B9D26 /* Release */,
			);
			defaultConfigurationIsVisible = 0;
			defaultConfigurationName = Release;
		};
		9B7990781EBA2555008B9D26 /* Build configuration list for PBXNativeTarget "CommanderTests" */ = {
			isa = XCConfigurationList;
			buildConfigurations = (
				9B7990791EBA2555008B9D26 /* Debug */,
				9B79907A1EBA2555008B9D26 /* Release */,
			);
			defaultConfigurationIsVisible = 0;
			defaultConfigurationName = Release;
		};
		9B7990B01EBB73A6008B9D26 /* Build configuration list for PBXNativeTarget "Commands" */ = {
			isa = XCConfigurationList;
			buildConfigurations = (
				9B7990B11EBB73A6008B9D26 /* Debug */,
				9B7990B21EBB73A6008B9D26 /* Release */,
			);
			defaultConfigurationIsVisible = 0;
		};
		9B7990B41EBB73A6008B9D26 /* Build configuration list for PBXNativeTarget "CommandsTests" */ = {
			isa = XCConfigurationList;
			buildConfigurations = (
				9B7990B51EBB73A6008B9D26 /* Debug */,
				9B7990B61EBB73A6008B9D26 /* Release */,
			);
			defaultConfigurationIsVisible = 0;
		};
/* End XCConfigurationList section */
	};
	rootObject = 9B7990501EBA2555008B9D26 /* Project object */;
}
